{
    "_readme": [
        "This file locks the dependencies of your project to a known state",
        "Read more about it at https://getcomposer.org/doc/01-basic-usage.md#installing-dependencies",
        "This file is @generated automatically"
    ],
    "content-hash": "c8c27824cef140fe068892b377c03858",
    "packages": [
        {
            "name": "ulrichsg/getopt-php",
            "version": "v3.4.0",
            "source": {
                "type": "git",
                "url": "https://github.com/getopt-php/getopt-php.git",
                "reference": "9121d7c2c51a6a59ee407c49a13b4d8cfae71075"
            },
            "dist": {
                "type": "zip",
                "url": "https://api.github.com/repos/getopt-php/getopt-php/zipball/9121d7c2c51a6a59ee407c49a13b4d8cfae71075",
                "reference": "9121d7c2c51a6a59ee407c49a13b4d8cfae71075",
                "shasum": ""
            },
            "require": {
                "ext-mbstring": "*",
                "php": ">=5.4.0"
            },
            "require-dev": {
                "phpunit/phpunit": "^4.8",
                "squizlabs/php_codesniffer": "^2.7"
            },
            "type": "library",
            "autoload": {
                "psr-4": {
                    "GetOpt\\": "src"
                }
            },
            "notification-url": "https://packagist.org/downloads/",
            "license": [
                "MIT"
            ],
            "authors": [
                {
                    "name": "Ulrich Schmidt-Goertz",
                    "email": "ulrich@schmidt-goertz.de"
                },
                {
                    "name": "Thomas Flori",
                    "email": "thflori@gmail.com"
                }
            ],
            "description": "Command line arguments parser for PHP 5.4 - 7.3",
            "homepage": "http://getopt-php.github.io/getopt-php",
            "time": "2020-07-14T06:09:04+00:00"
        },
        {
            "name": "zendframework/zend-code",
            "version": "3.4.1",
            "source": {
                "type": "git",
                "url": "https://github.com/zendframework/zend-code.git",
                "reference": "268040548f92c2bfcba164421c1add2ba43abaaa"
            },
            "dist": {
                "type": "zip",
                "url": "https://api.github.com/repos/zendframework/zend-code/zipball/268040548f92c2bfcba164421c1add2ba43abaaa",
                "reference": "268040548f92c2bfcba164421c1add2ba43abaaa",
                "shasum": ""
            },
            "require": {
                "php": "^7.1",
                "zendframework/zend-eventmanager": "^2.6 || ^3.0"
            },
            "conflict": {
                "phpspec/prophecy": "<1.9.0"
            },
            "require-dev": {
                "doctrine/annotations": "^1.7",
                "ext-phar": "*",
                "phpunit/phpunit": "^7.5.16 || ^8.4",
                "zendframework/zend-coding-standard": "^1.0",
                "zendframework/zend-stdlib": "^2.7 || ^3.0"
            },
            "suggest": {
                "doctrine/annotations": "Doctrine\\Common\\Annotations >=1.0 for annotation features",
                "zendframework/zend-stdlib": "Zend\\Stdlib component"
            },
            "type": "library",
            "extra": {
                "branch-alias": {
                    "dev-master": "3.4.x-dev",
                    "dev-develop": "3.5.x-dev",
                    "dev-dev-4.0": "4.0.x-dev"
                }
            },
            "autoload": {
                "psr-4": {
                    "Zend\\Code\\": "src/"
                }
            },
            "notification-url": "https://packagist.org/downloads/",
            "license": [
                "BSD-3-Clause"
            ],
            "description": "Extensions to the PHP Reflection API, static code scanning, and code generation",
            "keywords": [
                "ZendFramework",
                "code",
                "zf"
            ],
            "abandoned": "laminas/laminas-code",
            "time": "2019-12-10T19:21:15+00:00"
        },
        {
            "name": "zendframework/zend-eventmanager",
            "version": "3.2.1",
            "source": {
                "type": "git",
                "url": "https://github.com/zendframework/zend-eventmanager.git",
                "reference": "a5e2583a211f73604691586b8406ff7296a946dd"
            },
            "dist": {
                "type": "zip",
                "url": "https://api.github.com/repos/zendframework/zend-eventmanager/zipball/a5e2583a211f73604691586b8406ff7296a946dd",
                "reference": "a5e2583a211f73604691586b8406ff7296a946dd",
                "shasum": ""
            },
            "require": {
                "php": "^5.6 || ^7.0"
            },
            "require-dev": {
                "athletic/athletic": "^0.1",
                "container-interop/container-interop": "^1.1.0",
                "phpunit/phpunit": "^5.7.27 || ^6.5.8 || ^7.1.2",
                "zendframework/zend-coding-standard": "~1.0.0",
                "zendframework/zend-stdlib": "^2.7.3 || ^3.0"
            },
            "suggest": {
                "container-interop/container-interop": "^1.1.0, to use the lazy listeners feature",
                "zendframework/zend-stdlib": "^2.7.3 || ^3.0, to use the FilterChain feature"
            },
            "type": "library",
            "extra": {
                "branch-alias": {
                    "dev-master": "3.2-dev",
                    "dev-develop": "3.3-dev"
                }
            },
            "autoload": {
                "psr-4": {
                    "Zend\\EventManager\\": "src/"
                }
            },
            "notification-url": "https://packagist.org/downloads/",
            "license": [
                "BSD-3-Clause"
            ],
            "description": "Trigger and listen to events within a PHP application",
            "homepage": "https://github.com/zendframework/zend-eventmanager",
            "keywords": [
                "event",
                "eventmanager",
                "events",
                "zf2"
            ],
            "abandoned": "laminas/laminas-eventmanager",
            "time": "2018-04-25T15:33:34+00:00"
        }
    ],
    "packages-dev": [],
    "aliases": [],
    "minimum-stability": "stable",
    "stability-flags": [],
    "prefer-stable": false,
    "prefer-lowest": false,
    "platform": {
        "ext-mbstring": "*"
    },
    "platform-dev": [],
    "plugin-api-version": "1.1.0"
}
